
Microsoft Visual Studio Solution File, Format Version 12.00
# Visual Studio Version 17
VisualStudioVersion = 17.0.31903.59
MinimumVisualStudioVersion = 10.0.40219.1
Project("{2150E333-8FDC-42A3-9474-1A3956D46DE8}") = "src", "src", "{827E0CD3-B72D-47B6-A68D-7590B98EB39B}"
EndProject
Project("{FAE04EC0-301F-11D3-BF4B-00C04F79EFBC}") = "Domain", "src\Domain\Domain.csproj", "{74FAE5CC-65D5-412F-8964-EC7707BE8674}"
EndProject
Project("{FAE04EC0-301F-11D3-BF4B-00C04F79EFBC}") = "Application", "src\Application\Application.csproj", "{9EE7B9C0-47DA-4A57-B78A-3923CD3826A3}"
EndProject
Project("{FAE04EC0-301F-11D3-BF4B-00C04F79EFBC}") = "Infrastructure", "src\Infrastructure\Infrastructure.csproj", "{A3258805-E91A-4368-BE9C-F7712B866F9E}"
EndProject
Project("{FAE04EC0-301F-11D3-BF4B-00C04F79EFBC}") = "Api", "src\Api\Api.csproj", "{508EE90A-9820-4C58-92DB-576B658E82D6}"
EndProject
Project("{FAE04EC0-301F-11D3-BF4B-00C04F79EFBC}") = "Unit", "tests\Unit\Unit.csproj", "{0E550054-0515-49F0-87EB-3D9D6FA6920C}"
EndProject
Project("{FAE04EC0-301F-11D3-BF4B-00C04F79EFBC}") = "Integration", "tests\Integration\Integration.csproj", "{6135658F-E79A-4199-B4D6-334C93898AB2}"
EndProject
Global
	GlobalSection(SolutionConfigurationPlatforms) = preSolution
		Debug|Any CPU = Debug|Any CPU
		Debug|x64 = Debug|x64
		Debug|x86 = Debug|x86
		Release|Any CPU = Release|Any CPU
		Release|x64 = Release|x64
		Release|x86 = Release|x86
	EndGlobalSection
	GlobalSection(ProjectConfigurationPlatforms) = postSolution
		{74FAE5CC-65D5-412F-8964-EC7707BE8674}.Debug|Any CPU.ActiveCfg = Debug|Any CPU
		{74FAE5CC-65D5-412F-8964-EC7707BE8674}.Debug|Any CPU.Build.0 = Debug|Any CPU
		{74FAE5CC-65D5-412F-8964-EC7707BE8674}.Debug|x64.ActiveCfg = Debug|Any CPU
		{74FAE5CC-65D5-412F-8964-EC7707BE8674}.Debug|x64.Build.0 = Debug|Any CPU
		{74FAE5CC-65D5-412F-8964-EC7707BE8674}.Debug|x86.ActiveCfg = Debug|Any CPU
		{74FAE5CC-65D5-412F-8964-EC7707BE8674}.Debug|x86.Build.0 = Debug|Any CPU
		{74FAE5CC-65D5-412F-8964-EC7707BE8674}.Release|Any CPU.ActiveCfg = Release|Any CPU
		{74FAE5CC-65D5-412F-8964-EC7707BE8674}.Release|Any CPU.Build.0 = Release|Any CPU
		{74FAE5CC-65D5-412F-8964-EC7707BE8674}.Release|x64.ActiveCfg = Release|Any CPU
		{74FAE5CC-65D5-412F-8964-EC7707BE8674}.Release|x64.Build.0 = Release|Any CPU
		{74FAE5CC-65D5-412F-8964-EC7707BE8674}.Release|x86.ActiveCfg = Release|Any CPU
		{74FAE5CC-65D5-412F-8964-EC7707BE8674}.Release|x86.Build.0 = Release|Any CPU
		{9EE7B9C0-47DA-4A57-B78A-3923CD3826A3}.Debug|Any CPU.ActiveCfg = Debug|Any CPU
		{9EE7B9C0-47DA-4A57-B78A-3923CD3826A3}.Debug|Any CPU.Build.0 = Debug|Any CPU
		{9EE7B9C0-47DA-4A57-B78A-3923CD3826A3}.Debug|x64.ActiveCfg = Debug|Any CPU
		{9EE7B9C0-47DA-4A57-B78A-3923CD3826A3}.Debug|x64.Build.0 = Debug|Any CPU
		{9EE7B9C0-47DA-4A57-B78A-3923CD3826A3}.Debug|x86.ActiveCfg = Debug|Any CPU
		{9EE7B9C0-47DA-4A57-B78A-3923CD3826A3}.Debug|x86.Build.0 = Debug|Any CPU
		{9EE7B9C0-47DA-4A57-B78A-3923CD3826A3}.Release|Any CPU.ActiveCfg = Release|Any CPU
		{9EE7B9C0-47DA-4A57-B78A-3923CD3826A3}.Release|Any CPU.Build.0 = Release|Any CPU
		{9EE7B9C0-47DA-4A57-B78A-3923CD3826A3}.Release|x64.ActiveCfg = Release|Any CPU
		{9EE7B9C0-47DA-4A57-B78A-3923CD3826A3}.Release|x64.Build.0 = Release|Any CPU
		{9EE7B9C0-47DA-4A57-B78A-3923CD3826A3}.Release|x86.ActiveCfg = Release|Any CPU
		{9EE7B9C0-47DA-4A57-B78A-3923CD3826A3}.Release|x86.Build.0 = Release|Any CPU
		{A3258805-E91A-4368-BE9C-F7712B866F9E}.Debug|Any CPU.ActiveCfg = Debug|Any CPU
		{A3258805-E91A-4368-BE9C-F7712B866F9E}.Debug|Any CPU.Build.0 = Debug|Any CPU
		{A3258805-E91A-4368-BE9C-F7712B866F9E}.Debug|x64.ActiveCfg = Debug|Any CPU
		{A3258805-E91A-4368-BE9C-F7712B866F9E}.Debug|x64.Build.0 = Debug|Any CPU
		{A3258805-E91A-4368-BE9C-F7712B866F9E}.Debug|x86.ActiveCfg = Debug|Any CPU
		{A3258805-E91A-4368-BE9C-F7712B866F9E}.Debug|x86.Build.0 = Debug|Any CPU
		{A3258805-E91A-4368-BE9C-F7712B866F9E}.Release|Any CPU.ActiveCfg = Release|Any CPU
		{A3258805-E91A-4368-BE9C-F7712B866F9E}.Release|Any CPU.Build.0 = Release|Any CPU
		{A3258805-E91A-4368-BE9C-F7712B866F9E}.Release|x64.ActiveCfg = Release|Any CPU
		{A3258805-E91A-4368-BE9C-F7712B866F9E}.Release|x64.Build.0 = Release|Any CPU
		{A3258805-E91A-4368-BE9C-F7712B866F9E}.Release|x86.ActiveCfg = Release|Any CPU
		{A3258805-E91A-4368-BE9C-F7712B866F9E}.Release|x86.Build.0 = Release|Any CPU
		{508EE90A-9820-4C58-92DB-576B658E82D6}.Debug|Any CPU.ActiveCfg = Debug|Any CPU
		{508EE90A-9820-4C58-92DB-576B658E82D6}.Debug|Any CPU.Build.0 = Debug|Any CPU
		{508EE90A-9820-4C58-92DB-576B658E82D6}.Debug|x64.ActiveCfg = Debug|Any CPU
		{508EE90A-9820-4C58-92DB-576B658E82D6}.Debug|x64.Build.0 = Debug|Any CPU
		{508EE90A-9820-4C58-92DB-576B658E82D6}.Debug|x86.ActiveCfg = Debug|Any CPU
		{508EE90A-9820-4C58-92DB-576B658E82D6}.Debug|x86.Build.0 = Debug|Any CPU
		{508EE90A-9820-4C58-92DB-576B658E82D6}.Release|Any CPU.ActiveCfg = Release|Any CPU
		{508EE90A-9820-4C58-92DB-576B658E82D6}.Release|Any CPU.Build.0 = Release|Any CPU
		{508EE90A-9820-4C58-92DB-576B658E82D6}.Release|x64.ActiveCfg = Release|Any CPU
		{508EE90A-9820-4C58-92DB-576B658E82D6}.Release|x64.Build.0 = Release|Any CPU
		{508EE90A-9820-4C58-92DB-576B658E82D6}.Release|x86.ActiveCfg = Release|Any CPU
		{508EE90A-9820-4C58-92DB-576B658E82D6}.Release|x86.Build.0 = Release|Any CPU
		{0E550054-0515-49F0-87EB-3D9D6FA6920C}.Debug|Any CPU.ActiveCfg = Debug|Any CPU
		{0E550054-0515-49F0-87EB-3D9D6FA6920C}.Debug|Any CPU.Build.0 = Debug|Any CPU
		{0E550054-0515-49F0-87EB-3D9D6FA6920C}.Debug|x64.ActiveCfg = Debug|Any CPU
		{0E550054-0515-49F0-87EB-3D9D6FA6920C}.Debug|x64.Build.0 = Debug|Any CPU
		{0E550054-0515-49F0-87EB-3D9D6FA6920C}.Debug|x86.ActiveCfg = Debug|Any CPU
		{0E550054-0515-49F0-87EB-3D9D6FA6920C}.Debug|x86.Build.0 = Debug|Any CPU
		{0E550054-0515-49F0-87EB-3D9D6FA6920C}.Release|Any CPU.ActiveCfg = Release|Any CPU
		{0E550054-0515-49F0-87EB-3D9D6FA6920C}.Release|Any CPU.Build.0 = Release|Any CPU
		{0E550054-0515-49F0-87EB-3D9D6FA6920C}.Release|x64.ActiveCfg = Release|Any CPU
		{0E550054-0515-49F0-87EB-3D9D6FA6920C}.Release|x64.Build.0 = Release|Any CPU
		{0E550054-0515-49F0-87EB-3D9D6FA6920C}.Release|x86.ActiveCfg = Release|Any CPU
		{0E550054-0515-49F0-87EB-3D9D6FA6920C}.Release|x86.Build.0 = Release|Any CPU
		{6135658F-E79A-4199-B4D6-334C93898AB2}.Debug|Any CPU.ActiveCfg = Debug|Any CPU
		{6135658F-E79A-4199-B4D6-334C93898AB2}.Debug|Any CPU.Build.0 = Debug|Any CPU
		{6135658F-E79A-4199-B4D6-334C93898AB2}.Debug|x64.ActiveCfg = Debug|Any CPU
		{6135658F-E79A-4199-B4D6-334C93898AB2}.Debug|x64.Build.0 = Debug|Any CPU
		{6135658F-E79A-4199-B4D6-334C93898AB2}.Debug|x86.ActiveCfg = Debug|Any CPU
		{6135658F-E79A-4199-B4D6-334C93898AB2}.Debug|x86.Build.0 = Debug|Any CPU
		{6135658F-E79A-4199-B4D6-334C93898AB2}.Release|Any CPU.ActiveCfg = Release|Any CPU
		{6135658F-E79A-4199-B4D6-334C93898AB2}.Release|Any CPU.Build.0 = Release|Any CPU
		{6135658F-E79A-4199-B4D6-334C93898AB2}.Release|x64.ActiveCfg = Release|Any CPU
		{6135658F-E79A-4199-B4D6-334C93898AB2}.Release|x64.Build.0 = Release|Any CPU
		{6135658F-E79A-4199-B4D6-334C93898AB2}.Release|x86.ActiveCfg = Release|Any CPU
		{6135658F-E79A-4199-B4D6-334C93898AB2}.Release|x86.Build.0 = Release|Any CPU
	EndGlobalSection
	GlobalSection(SolutionProperties) = preSolution
		HideSolutionNode = FALSE
	EndGlobalSection
	GlobalSection(NestedProjects) = preSolution
		{74FAE5CC-65D5-412F-8964-EC7707BE8674} = {827E0CD3-B72D-47B6-A68D-7590B98EB39B}
		{9EE7B9C0-47DA-4A57-B78A-3923CD3826A3} = {827E0CD3-B72D-47B6-A68D-7590B98EB39B}
		{A3258805-E91A-4368-BE9C-F7712B866F9E} = {827E0CD3-B72D-47B6-A68D-7590B98EB39B}
		{508EE90A-9820-4C58-92DB-576B658E82D6} = {827E0CD3-B72D-47B6-A68D-7590B98EB39B}
		{0E550054-0515-49F0-87EB-3D9D6FA6920C} = {827E0CD3-B72D-47B6-A68D-7590B98EB39B}
		{6135658F-E79A-4199-B4D6-334C93898AB2} = {827E0CD3-B72D-47B6-A68D-7590B98EB39B}
	EndGlobalSection
EndGlobal
